PODS:
  - demo_module2 (0.0.1):
    - perona
  - perona (0.1.13)

DEPENDENCIES:
  - demo_module2 (from `demo_module2`)
  - perona (from `perona`)

EXTERNAL SOURCES:
  demo_module2:
    :path: demo_module2
  perona:
    :path: perona

SPEC CHECKSUMS:
  demo_module2: d713c24e66517bb088a614d4267e82206c4b3c51
  perona: 174d2a5c1e27013832d6f357320310b60b0ab541

PODFILE CHECKSUM: 19b4b6424d55a5168fa4e7636800decedfd54495

COCOAPODS: 1.8.4
